
Microsoft Visual Studio Solution File, Format Version 12.00
# Visual Studio Version 16
VisualStudioVersion = 16.6.30114.105
MinimumVisualStudioVersion = 10.0.40219.1
Project("{FAE04EC0-301F-11D3-BF4B-00C04F79EFBC}") = "API", "API\API.csproj", "{5300AEED-DF27-4DAE-A8CA-CD5F1364E70D}"
EndProject
Project("{FAE04EC0-301F-11D3-BF4B-00C04F79EFBC}") = "Application", "Application\Application.csproj", "{42EC8649-C617-43ED-9A7B-9BEE348B02AD}"
EndProject
Project("{FAE04EC0-301F-11D3-BF4B-00C04F79EFBC}") = "Persistence", "Persistence\Persistence.csproj", "{0AE339B7-F454-44F0-921A-BDA74E835B38}"
EndProject
Project("{FAE04EC0-301F-11D3-BF4B-00C04F79EFBC}") = "Domain", "Domain\Domain.csproj", "{D9D42840-4163-4763-92FF-588B4F107AEF}"
EndProject
Global
	GlobalSection(SolutionConfigurationPlatforms) = preSolution
		Debug|Any CPU = Debug|Any CPU
		Debug|x64 = Debug|x64
		Debug|x86 = Debug|x86
		Release|Any CPU = Release|Any CPU
		Release|x64 = Release|x64
		Release|x86 = Release|x86
	EndGlobalSection
	GlobalSection(SolutionProperties) = preSolution
		HideSolutionNode = FALSE
	EndGlobalSection
	GlobalSection(ProjectConfigurationPlatforms) = postSolution
		{5300AEED-DF27-4DAE-A8CA-CD5F1364E70D}.Debug|Any CPU.ActiveCfg = Debug|Any CPU
		{5300AEED-DF27-4DAE-A8CA-CD5F1364E70D}.Debug|Any CPU.Build.0 = Debug|Any CPU
		{5300AEED-DF27-4DAE-A8CA-CD5F1364E70D}.Debug|x64.ActiveCfg = Debug|Any CPU
		{5300AEED-DF27-4DAE-A8CA-CD5F1364E70D}.Debug|x64.Build.0 = Debug|Any CPU
		{5300AEED-DF27-4DAE-A8CA-CD5F1364E70D}.Debug|x86.ActiveCfg = Debug|Any CPU
		{5300AEED-DF27-4DAE-A8CA-CD5F1364E70D}.Debug|x86.Build.0 = Debug|Any CPU
		{5300AEED-DF27-4DAE-A8CA-CD5F1364E70D}.Release|Any CPU.ActiveCfg = Release|Any CPU
		{5300AEED-DF27-4DAE-A8CA-CD5F1364E70D}.Release|Any CPU.Build.0 = Release|Any CPU
		{5300AEED-DF27-4DAE-A8CA-CD5F1364E70D}.Release|x64.ActiveCfg = Release|Any CPU
		{5300AEED-DF27-4DAE-A8CA-CD5F1364E70D}.Release|x64.Build.0 = Release|Any CPU
		{5300AEED-DF27-4DAE-A8CA-CD5F1364E70D}.Release|x86.ActiveCfg = Release|Any CPU
		{5300AEED-DF27-4DAE-A8CA-CD5F1364E70D}.Release|x86.Build.0 = Release|Any CPU
		{42EC8649-C617-43ED-9A7B-9BEE348B02AD}.Debug|Any CPU.ActiveCfg = Debug|Any CPU
		{42EC8649-C617-43ED-9A7B-9BEE348B02AD}.Debug|Any CPU.Build.0 = Debug|Any CPU
		{42EC8649-C617-43ED-9A7B-9BEE348B02AD}.Debug|x64.ActiveCfg = Debug|Any CPU
		{42EC8649-C617-43ED-9A7B-9BEE348B02AD}.Debug|x64.Build.0 = Debug|Any CPU
		{42EC8649-C617-43ED-9A7B-9BEE348B02AD}.Debug|x86.ActiveCfg = Debug|Any CPU
		{42EC8649-C617-43ED-9A7B-9BEE348B02AD}.Debug|x86.Build.0 = Debug|Any CPU
		{42EC8649-C617-43ED-9A7B-9BEE348B02AD}.Release|Any CPU.ActiveCfg = Release|Any CPU
		{42EC8649-C617-43ED-9A7B-9BEE348B02AD}.Release|Any CPU.Build.0 = Release|Any CPU
		{42EC8649-C617-43ED-9A7B-9BEE348B02AD}.Release|x64.ActiveCfg = Release|Any CPU
		{42EC8649-C617-43ED-9A7B-9BEE348B02AD}.Release|x64.Build.0 = Release|Any CPU
		{42EC8649-C617-43ED-9A7B-9BEE348B02AD}.Release|x86.ActiveCfg = Release|Any CPU
		{42EC8649-C617-43ED-9A7B-9BEE348B02AD}.Release|x86.Build.0 = Release|Any CPU
		{0AE339B7-F454-44F0-921A-BDA74E835B38}.Debug|Any CPU.ActiveCfg = Debug|Any CPU
		{0AE339B7-F454-44F0-921A-BDA74E835B38}.Debug|Any CPU.Build.0 = Debug|Any CPU
		{0AE339B7-F454-44F0-921A-BDA74E835B38}.Debug|x64.ActiveCfg = Debug|Any CPU
		{0AE339B7-F454-44F0-921A-BDA74E835B38}.Debug|x64.Build.0 = Debug|Any CPU
		{0AE339B7-F454-44F0-921A-BDA74E835B38}.Debug|x86.ActiveCfg = Debug|Any CPU
		{0AE339B7-F454-44F0-921A-BDA74E835B38}.Debug|x86.Build.0 = Debug|Any CPU
		{0AE339B7-F454-44F0-921A-BDA74E835B38}.Release|Any CPU.ActiveCfg = Release|Any CPU
		{0AE339B7-F454-44F0-921A-BDA74E835B38}.Release|Any CPU.Build.0 = Release|Any CPU
		{0AE339B7-F454-44F0-921A-BDA74E835B38}.Release|x64.ActiveCfg = Release|Any CPU
		{0AE339B7-F454-44F0-921A-BDA74E835B38}.Release|x64.Build.0 = Release|Any CPU
		{0AE339B7-F454-44F0-921A-BDA74E835B38}.Release|x86.ActiveCfg = Release|Any CPU
		{0AE339B7-F454-44F0-921A-BDA74E835B38}.Release|x86.Build.0 = Release|Any CPU
		{D9D42840-4163-4763-92FF-588B4F107AEF}.Debug|Any CPU.ActiveCfg = Debug|Any CPU
		{D9D42840-4163-4763-92FF-588B4F107AEF}.Debug|Any CPU.Build.0 = Debug|Any CPU
		{D9D42840-4163-4763-92FF-588B4F107AEF}.Debug|x64.ActiveCfg = Debug|Any CPU
		{D9D42840-4163-4763-92FF-588B4F107AEF}.Debug|x64.Build.0 = Debug|Any CPU
		{D9D42840-4163-4763-92FF-588B4F107AEF}.Debug|x86.ActiveCfg = Debug|Any CPU
		{D9D42840-4163-4763-92FF-588B4F107AEF}.Debug|x86.Build.0 = Debug|Any CPU
		{D9D42840-4163-4763-92FF-588B4F107AEF}.Release|Any CPU.ActiveCfg = Release|Any CPU
		{D9D42840-4163-4763-92FF-588B4F107AEF}.Release|Any CPU.Build.0 = Release|Any CPU
		{D9D42840-4163-4763-92FF-588B4F107AEF}.Release|x64.ActiveCfg = Release|Any CPU
		{D9D42840-4163-4763-92FF-588B4F107AEF}.Release|x64.Build.0 = Release|Any CPU
		{D9D42840-4163-4763-92FF-588B4F107AEF}.Release|x86.ActiveCfg = Release|Any CPU
		{D9D42840-4163-4763-92FF-588B4F107AEF}.Release|x86.Build.0 = Release|Any CPU
	EndGlobalSection
EndGlobal
